
Microsoft Visual Studio Solution File, Format Version 12.00
# Visual Studio 15
VisualStudioVersion = 15.0.28010.2048
MinimumVisualStudioVersion = 10.0.40219.1
Project("{FAE04EC0-301F-11D3-BF4B-00C04F79EFBC}") = "B2CGraphShell", "B2CGraphShell\B2CGraphShell.csproj", "{D6035681-7375-48B0-B51A-F544002E1E42}"
EndProject
Project("{FAE04EC0-301F-11D3-BF4B-00C04F79EFBC}") = "ConsoleApp1", "ConsoleApp1\ConsoleApp1.csproj", "{4511A402-2D5A-43DD-8D82-3C3A4E5824D3}"
EndProject
Project("{FAE04EC0-301F-11D3-BF4B-00C04F79EFBC}") = "WebApplication1", "WebApplication1\WebApplication1.csproj", "{003B27F9-26A9-4CBE-B2A1-1BAA9326D2B3}"
EndProject
Global
	GlobalSection(SolutionConfigurationPlatforms) = preSolution
		Debug|Any CPU = Debug|Any CPU
		Release|Any CPU = Release|Any CPU
	EndGlobalSection
	GlobalSection(ProjectConfigurationPlatforms) = postSolution
		{D6035681-7375-48B0-B51A-F544002E1E42}.Debug|Any CPU.ActiveCfg = Debug|Any CPU
		{D6035681-7375-48B0-B51A-F544002E1E42}.Debug|Any CPU.Build.0 = Debug|Any CPU
		{D6035681-7375-48B0-B51A-F544002E1E42}.Release|Any CPU.ActiveCfg = Release|Any CPU
		{D6035681-7375-48B0-B51A-F544002E1E42}.Release|Any CPU.Build.0 = Release|Any CPU
		{4511A402-2D5A-43DD-8D82-3C3A4E5824D3}.Debug|Any CPU.ActiveCfg = Debug|Any CPU
		{4511A402-2D5A-43DD-8D82-3C3A4E5824D3}.Debug|Any CPU.Build.0 = Debug|Any CPU
		{4511A402-2D5A-43DD-8D82-3C3A4E5824D3}.Release|Any CPU.ActiveCfg = Release|Any CPU
		{4511A402-2D5A-43DD-8D82-3C3A4E5824D3}.Release|Any CPU.Build.0 = Release|Any CPU
		{003B27F9-26A9-4CBE-B2A1-1BAA9326D2B3}.Debug|Any CPU.ActiveCfg = Debug|Any CPU
		{003B27F9-26A9-4CBE-B2A1-1BAA9326D2B3}.Debug|Any CPU.Build.0 = Debug|Any CPU
		{003B27F9-26A9-4CBE-B2A1-1BAA9326D2B3}.Release|Any CPU.ActiveCfg = Release|Any CPU
		{003B27F9-26A9-4CBE-B2A1-1BAA9326D2B3}.Release|Any CPU.Build.0 = Release|Any CPU
	EndGlobalSection
	GlobalSection(SolutionProperties) = preSolution
		HideSolutionNode = FALSE
	EndGlobalSection
	GlobalSection(ExtensibilityGlobals) = postSolution
		SolutionGuid = {525CBB99-96B4-48EA-A8D6-32E5693DC707}
	EndGlobalSection
EndGlobal
